
Microsoft Visual Studio Solution File, Format Version 12.00
# Visual Studio Version 17
VisualStudioVersion = 17.2.32630.192
MinimumVisualStudioVersion = 10.0.40219.1
Project("{FAE04EC0-301F-11D3-BF4B-00C04F79EFBC}") = "FilterDemo", "FilterDemo.csproj", "{609FDBC9-5C1D-47D3-BA56-E7F8CDDC0E07}"
EndProject
Global
	GlobalSection(SolutionConfigurationPlatforms) = preSolution
		Debug|Any CPU = Debug|Any CPU
		Release|Any CPU = Release|Any CPU
	EndGlobalSection
	GlobalSection(ProjectConfigurationPlatforms) = postSolution
		{609FDBC9-5C1D-47D3-BA56-E7F8CDDC0E07}.Debug|Any CPU.ActiveCfg = Debug|Any CPU
		{609FDBC9-5C1D-47D3-BA56-E7F8CDDC0E07}.Debug|Any CPU.Build.0 = Debug|Any CPU
		{609FDBC9-5C1D-47D3-BA56-E7F8CDDC0E07}.Release|Any CPU.ActiveCfg = Release|Any CPU
		{609FDBC9-5C1D-47D3-BA56-E7F8CDDC0E07}.Release|Any CPU.Build.0 = Release|Any CPU
	EndGlobalSection
	GlobalSection(SolutionProperties) = preSolution
		HideSolutionNode = FALSE
	EndGlobalSection
	GlobalSection(ExtensibilityGlobals) = postSolution
		SolutionGuid = {76A49CC4-6E07-44D0-9E8F-6D3C629ACEDC}
	EndGlobalSection
EndGlobal
